Microsoft Visual Studio Solution File, Format Version 11.00
# Visual Studio 2008

Project("{8011BCCB-CF66-4DEC-0415-1A25FBBC2E89}") = "Pump It Up Prime 2015", "Assembly-CSharp.csproj", "{F3F0F637-4B3F-34F4-5228-6F29FC0340DD}"
EndProject
Global
	GlobalSection(SolutionConfigurationPlatforms) = preSolution
		Debug|Any CPU = Debug|Any CPU
		Release|Any CPU = Release|Any CPU
	EndGlobalSection
	GlobalSection(ProjectConfigurationPlatforms) = postSolution
		{F3F0F637-4B3F-34F4-5228-6F29FC0340DD}.Debug|Any CPU.ActiveCfg = Debug|Any CPU
		{F3F0F637-4B3F-34F4-5228-6F29FC0340DD}.Debug|Any CPU.Build.0 = Debug|Any CPU
		{F3F0F637-4B3F-34F4-5228-6F29FC0340DD}.Release|Any CPU.ActiveCfg = Release|Any CPU
		{F3F0F637-4B3F-34F4-5228-6F29FC0340DD}.Release|Any CPU.Build.0 = Release|Any CPU
	EndGlobalSection
	GlobalSection(SolutionProperties) = preSolution
		HideSolutionNode = FALSE
	EndGlobalSection
	GlobalSection(MonoDevelopProperties) = preSolution
		StartupItem = Assembly-CSharp.csproj
	EndGlobalSection
EndGlobal
